<?xml version="1.0" encoding="UTF-8" standalone="yes" ?>
<CodeBlocks_project_file>
	<FileVersion major="1" minor="6" />
	<Project>
		<Option title="Librarian" />
		<Option pch_mode="2" />
		<Option compiler="gcc" />
		<Build>
			<Target title="Debug">
				<Option output="bin/Debug/Librarian" prefix_auto="1" extension_auto="1" />
				<Option object_output="obj/Debug/" />
				<Option type="1" />
				<Option compiler="gcc" />
				<Compiler>
					<Add option="-g" />
				</Compiler>
			</Target>
			<Target title="Release">
				<Option output="bin/Release/Librarian" prefix_auto="1" extension_auto="1" />
				<Option object_output="obj/Release/" />
				<Option type="1" />
				<Option compiler="gcc" />
				<Compiler>
					<Add option="-O2" />
				</Compiler>
				<Linker>
					<Add option="-s" />
				</Linker>
			</Target>
		</Build>
		<Compiler>
			<Add option="-Wall" />
		</Compiler>
		<Unit filename="Guest/Guest.c">
			<Option compilerVar="CC" />
		</Unit>
		<Unit filename="Librarian.layout" />
		<Unit filename="Librarian/Combined_Librarian.h" />
		<Unit filename="Librarian/Librarian_Books.c">
			<Option compilerVar="CC" />
		</Unit>
		<Unit filename="Librarian/Librarian_Borrows.c">
			<Option compilerVar="CC" />
		</Unit>
		<Unit filename="Librarian/Librarian_Main.c">
			<Option compilerVar="CC" />
		</Unit>
		<Unit filename="Librarian/Librarian_Members.c">
			<Option compilerVar="CC" />
		</Unit>
		<Unit filename="Librarian/clear_screen.h" />
		<Unit filename="Library Management System.h" />
		<Unit filename="Main.c">
			<Option compilerVar="CC" />
		</Unit>
		<Unit filename="Member/accountmanagement.c">
			<Option compilerVar="CC" />
		</Unit>
		<Unit filename="Member/book_reccomendation.c">
			<Option compilerVar="CC" />
		</Unit>
		<Unit filename="Member/book_search.c">
			<Option compilerVar="CC" />
		</Unit>
		<Unit filename="Member/digitallibrary.c">
			<Option compilerVar="CC" />
		</Unit>
		<Unit filename="Member/librarymember.c">
			<Option compilerVar="CC" />
		</Unit>
		<Unit filename="Staff/Staff.c">
			<Option compilerVar="CC" />
		</Unit>
		<Unit filename="account.txt" />
		<Unit filename="accounthistory.txt" />
		<Unit filename="audiobooks.txt" />
		<Unit filename="benefits.txt" />
		<Unit filename="book_recomendation.txt" />
		<Unit filename="books.txt" />
		<Unit filename="community.txt" />
		<Unit filename="ebooks.txt" />
		<Unit filename="events.txt" />
		<Unit filename="join.txt" />
		<Unit filename="lib_service.txt" />
		<Unit filename="members.txt" />
		<Unit filename="online_journals.txt" />
		<Unit filename="reservations.txt" />
		<Unit filename="resources.txt" />
		<Unit filename="summary.txt" />
		<Unit filename="workshop.txt" />
		<Extensions>
			<lib_finder disable_auto="1" />
		</Extensions>
	</Project>
</CodeBlocks_project_file>
